
Microsoft Visual Studio Solution File, Format Version 12.00
# Visual Studio Version 16
VisualStudioVersion = 16.0.31321.278
MinimumVisualStudioVersion = 10.0.40219.1
Project("{FAE04EC0-301F-11D3-BF4B-00C04F79EFBC}") = "FinalProjUI", "FinalProjUI.csproj", "{BDE23DF6-8DA1-4456-8AE5-4B859BA312E2}"
EndProject
Global
	GlobalSection(SolutionConfigurationPlatforms) = preSolution
		Debug|Any CPU = Debug|Any CPU
		Release|Any CPU = Release|Any CPU
	EndGlobalSection
	GlobalSection(ProjectConfigurationPlatforms) = postSolution
		{BDE23DF6-8DA1-4456-8AE5-4B859BA312E2}.Debug|Any CPU.ActiveCfg = Debug|Any CPU
		{BDE23DF6-8DA1-4456-8AE5-4B859BA312E2}.Debug|Any CPU.Build.0 = Debug|Any CPU
		{BDE23DF6-8DA1-4456-8AE5-4B859BA312E2}.Release|Any CPU.ActiveCfg = Release|Any CPU
		{BDE23DF6-8DA1-4456-8AE5-4B859BA312E2}.Release|Any CPU.Build.0 = Release|Any CPU
	EndGlobalSection
	GlobalSection(SolutionProperties) = preSolution
		HideSolutionNode = FALSE
	EndGlobalSection
	GlobalSection(ExtensibilityGlobals) = postSolution
		SolutionGuid = {5FDA26F9-BC87-4C28-8035-10F31BFA5279}
	EndGlobalSection
EndGlobal
